
Microsoft Visual Studio Solution File, Format Version 12.00
# Visual Studio Version 17
VisualStudioVersion = 17.13.35931.197 d17.13
MinimumVisualStudioVersion = 10.0.40219.1
Project("{FAE04EC0-301F-11D3-BF4B-00C04F79EFBC}") = "GOKARD", "GOKARD.csproj", "{562DAF68-A0D7-4F34-B077-6507C769D43E}"
EndProject
Global
	GlobalSection(SolutionConfigurationPlatforms) = preSolution
		Debug|Any CPU = Debug|Any CPU
		Release|Any CPU = Release|Any CPU
	EndGlobalSection
	GlobalSection(ProjectConfigurationPlatforms) = postSolution
		{562DAF68-A0D7-4F34-B077-6507C769D43E}.Debug|Any CPU.ActiveCfg = Debug|Any CPU
		{562DAF68-A0D7-4F34-B077-6507C769D43E}.Debug|Any CPU.Build.0 = Debug|Any CPU
		{562DAF68-A0D7-4F34-B077-6507C769D43E}.Release|Any CPU.ActiveCfg = Release|Any CPU
		{562DAF68-A0D7-4F34-B077-6507C769D43E}.Release|Any CPU.Build.0 = Release|Any CPU
	EndGlobalSection
	GlobalSection(SolutionProperties) = preSolution
		HideSolutionNode = FALSE
	EndGlobalSection
	GlobalSection(ExtensibilityGlobals) = postSolution
		SolutionGuid = {AAE1C381-3460-468D-86C6-58E67ECB66E0}
	EndGlobalSection
EndGlobal
